
Microsoft Visual Studio Solution File, Format Version 12.00
# Visual Studio Version 18
VisualStudioVersion = 18.4.11620.152
MinimumVisualStudioVersion = 10.0.40219.1
Project("{2150E333-8FDC-42A3-9474-1A3956D46DE8}") = "Core", "Core", "{88D3240D-3B60-41A2-A262-C05D83F26350}"
EndProject
Project("{2150E333-8FDC-42A3-9474-1A3956D46DE8}") = "Infrastructure", "Infrastructure", "{9766AE69-2D75-4F96-9410-C9C451FDEE9F}"
EndProject
Project("{2150E333-8FDC-42A3-9474-1A3956D46DE8}") = "Presentation", "Presentation", "{5504D1D4-FFD4-4616-9BB0-8CD87482FCDC}"
EndProject
Project("{2150E333-8FDC-42A3-9474-1A3956D46DE8}") = "Tests", "Tests", "{B351EECB-28C2-4192-880E-0F3B8D2A7BDD}"
EndProject
Project("{FAE04EC0-301F-11D3-BF4B-00C04F79EFBC}") = "Infrastructure.Tests", "Tests\Infrastructure.Tests\Infrastructure.Tests.csproj", "{04C2C8BD-0689-4184-BFA4-34D1E28CDC05}"
EndProject
Project("{FAE04EC0-301F-11D3-BF4B-00C04F79EFBC}") = "Domain", "src\Core\Domain\Domain.csproj", "{73A0E841-8070-20B3-947F-EC7DDAB1B405}"
EndProject
Project("{FAE04EC0-301F-11D3-BF4B-00C04F79EFBC}") = "Application", "src\Core\Application\Application.csproj", "{018D89FD-2F13-DA0D-EA7A-4C78767AEC3C}"
EndProject
Project("{FAE04EC0-301F-11D3-BF4B-00C04F79EFBC}") = "BrowniansServices", "src\Infrastructure\DiffusionService\BrowniansServices.csproj", "{9627F955-B172-3397-FA1A-D4838FE7C1DF}"
EndProject
Project("{FAE04EC0-301F-11D3-BF4B-00C04F79EFBC}") = "FederalReserveEconomicData", "src\Infrastructure\FederalReserveEconomicData\FederalReserveEconomicData.csproj", "{F98F700F-B19A-AA5F-46A2-B07FBA9E714F}"
EndProject
Project("{FAE04EC0-301F-11D3-BF4B-00C04F79EFBC}") = "FixedIncomeServices", "src\Infrastructure\FixedIncomeServices\FixedIncomeServices.csproj", "{01B72DEE-1169-C979-4E21-678B61EE506B}"
EndProject
Project("{FAE04EC0-301F-11D3-BF4B-00C04F79EFBC}") = "Infrastructure", "src\Infrastructure\Infrastructure\Infrastructure.csproj", "{0A10898E-9448-E900-A946-C208078BB2C5}"
EndProject
Project("{FAE04EC0-301F-11D3-BF4B-00C04F79EFBC}") = "PricerServices", "src\Infrastructure\PricerService\PricerServices.csproj", "{54C625CD-20AF-B741-512E-7D63137E0F0C}"
EndProject
Project("{FAE04EC0-301F-11D3-BF4B-00C04F79EFBC}") = "DiffusionServices.Tests", "tests\DiffusionService.Tests\DiffusionServices.Tests.csproj", "{94DE3849-D58E-796F-9143-D48F60345042}"
EndProject
Project("{FAE04EC0-301F-11D3-BF4B-00C04F79EFBC}") = "PricingServices.Tests", "tests\PricingServices.Tests\PricingServices.Tests.csproj", "{42B86B52-1E81-2898-D968-917A9F9E4E5F}"
EndProject
Global
	GlobalSection(SolutionConfigurationPlatforms) = preSolution
		Debug|Any CPU = Debug|Any CPU
		Release|Any CPU = Release|Any CPU
	EndGlobalSection
	GlobalSection(ProjectConfigurationPlatforms) = postSolution
		{04C2C8BD-0689-4184-BFA4-34D1E28CDC05}.Debug|Any CPU.ActiveCfg = Debug|Any CPU
		{04C2C8BD-0689-4184-BFA4-34D1E28CDC05}.Debug|Any CPU.Build.0 = Debug|Any CPU
		{04C2C8BD-0689-4184-BFA4-34D1E28CDC05}.Release|Any CPU.ActiveCfg = Release|Any CPU
		{04C2C8BD-0689-4184-BFA4-34D1E28CDC05}.Release|Any CPU.Build.0 = Release|Any CPU
		{73A0E841-8070-20B3-947F-EC7DDAB1B405}.Debug|Any CPU.ActiveCfg = Debug|Any CPU
		{73A0E841-8070-20B3-947F-EC7DDAB1B405}.Debug|Any CPU.Build.0 = Debug|Any CPU
		{73A0E841-8070-20B3-947F-EC7DDAB1B405}.Release|Any CPU.ActiveCfg = Release|Any CPU
		{73A0E841-8070-20B3-947F-EC7DDAB1B405}.Release|Any CPU.Build.0 = Release|Any CPU
		{018D89FD-2F13-DA0D-EA7A-4C78767AEC3C}.Debug|Any CPU.ActiveCfg = Debug|Any CPU
		{018D89FD-2F13-DA0D-EA7A-4C78767AEC3C}.Debug|Any CPU.Build.0 = Debug|Any CPU
		{018D89FD-2F13-DA0D-EA7A-4C78767AEC3C}.Release|Any CPU.ActiveCfg = Release|Any CPU
		{018D89FD-2F13-DA0D-EA7A-4C78767AEC3C}.Release|Any CPU.Build.0 = Release|Any CPU
		{9627F955-B172-3397-FA1A-D4838FE7C1DF}.Debug|Any CPU.ActiveCfg = Debug|Any CPU
		{9627F955-B172-3397-FA1A-D4838FE7C1DF}.Debug|Any CPU.Build.0 = Debug|Any CPU
		{9627F955-B172-3397-FA1A-D4838FE7C1DF}.Release|Any CPU.ActiveCfg = Release|Any CPU
		{9627F955-B172-3397-FA1A-D4838FE7C1DF}.Release|Any CPU.Build.0 = Release|Any CPU
		{F98F700F-B19A-AA5F-46A2-B07FBA9E714F}.Debug|Any CPU.ActiveCfg = Debug|Any CPU
		{F98F700F-B19A-AA5F-46A2-B07FBA9E714F}.Debug|Any CPU.Build.0 = Debug|Any CPU
		{F98F700F-B19A-AA5F-46A2-B07FBA9E714F}.Release|Any CPU.ActiveCfg = Release|Any CPU
		{F98F700F-B19A-AA5F-46A2-B07FBA9E714F}.Release|Any CPU.Build.0 = Release|Any CPU
		{01B72DEE-1169-C979-4E21-678B61EE506B}.Debug|Any CPU.ActiveCfg = Debug|Any CPU
		{01B72DEE-1169-C979-4E21-678B61EE506B}.Debug|Any CPU.Build.0 = Debug|Any CPU
		{01B72DEE-1169-C979-4E21-678B61EE506B}.Release|Any CPU.ActiveCfg = Release|Any CPU
		{01B72DEE-1169-C979-4E21-678B61EE506B}.Release|Any CPU.Build.0 = Release|Any CPU
		{0A10898E-9448-E900-A946-C208078BB2C5}.Debug|Any CPU.ActiveCfg = Debug|Any CPU
		{0A10898E-9448-E900-A946-C208078BB2C5}.Debug|Any CPU.Build.0 = Debug|Any CPU
		{0A10898E-9448-E900-A946-C208078BB2C5}.Release|Any CPU.ActiveCfg = Release|Any CPU
		{0A10898E-9448-E900-A946-C208078BB2C5}.Release|Any CPU.Build.0 = Release|Any CPU
		{54C625CD-20AF-B741-512E-7D63137E0F0C}.Debug|Any CPU.ActiveCfg = Debug|Any CPU
		{54C625CD-20AF-B741-512E-7D63137E0F0C}.Debug|Any CPU.Build.0 = Debug|Any CPU
		{54C625CD-20AF-B741-512E-7D63137E0F0C}.Release|Any CPU.ActiveCfg = Release|Any CPU
		{54C625CD-20AF-B741-512E-7D63137E0F0C}.Release|Any CPU.Build.0 = Release|Any CPU
		{94DE3849-D58E-796F-9143-D48F60345042}.Debug|Any CPU.ActiveCfg = Debug|Any CPU
		{94DE3849-D58E-796F-9143-D48F60345042}.Debug|Any CPU.Build.0 = Debug|Any CPU
		{94DE3849-D58E-796F-9143-D48F60345042}.Release|Any CPU.ActiveCfg = Release|Any CPU
		{94DE3849-D58E-796F-9143-D48F60345042}.Release|Any CPU.Build.0 = Release|Any CPU
		{42B86B52-1E81-2898-D968-917A9F9E4E5F}.Debug|Any CPU.ActiveCfg = Debug|Any CPU
		{42B86B52-1E81-2898-D968-917A9F9E4E5F}.Debug|Any CPU.Build.0 = Debug|Any CPU
		{42B86B52-1E81-2898-D968-917A9F9E4E5F}.Release|Any CPU.ActiveCfg = Release|Any CPU
		{42B86B52-1E81-2898-D968-917A9F9E4E5F}.Release|Any CPU.Build.0 = Release|Any CPU
	EndGlobalSection
	GlobalSection(SolutionProperties) = preSolution
		HideSolutionNode = FALSE
	EndGlobalSection
	GlobalSection(NestedProjects) = preSolution
		{04C2C8BD-0689-4184-BFA4-34D1E28CDC05} = {B351EECB-28C2-4192-880E-0F3B8D2A7BDD}
		{73A0E841-8070-20B3-947F-EC7DDAB1B405} = {88D3240D-3B60-41A2-A262-C05D83F26350}
		{018D89FD-2F13-DA0D-EA7A-4C78767AEC3C} = {88D3240D-3B60-41A2-A262-C05D83F26350}
		{9627F955-B172-3397-FA1A-D4838FE7C1DF} = {9766AE69-2D75-4F96-9410-C9C451FDEE9F}
		{F98F700F-B19A-AA5F-46A2-B07FBA9E714F} = {9766AE69-2D75-4F96-9410-C9C451FDEE9F}
		{01B72DEE-1169-C979-4E21-678B61EE506B} = {9766AE69-2D75-4F96-9410-C9C451FDEE9F}
		{0A10898E-9448-E900-A946-C208078BB2C5} = {9766AE69-2D75-4F96-9410-C9C451FDEE9F}
		{54C625CD-20AF-B741-512E-7D63137E0F0C} = {9766AE69-2D75-4F96-9410-C9C451FDEE9F}
		{94DE3849-D58E-796F-9143-D48F60345042} = {B351EECB-28C2-4192-880E-0F3B8D2A7BDD}
		{42B86B52-1E81-2898-D968-917A9F9E4E5F} = {B351EECB-28C2-4192-880E-0F3B8D2A7BDD}
	EndGlobalSection
	GlobalSection(ExtensibilityGlobals) = postSolution
		SolutionGuid = {70B934B1-B710-477D-B47C-62541DCCF36D}
	EndGlobalSection
EndGlobal
